{
  "version": "3",
  "packages": {
    "specifiers": {
      "npm:@prisma/adapter-pg@^5.12.0": "npm:@prisma/adapter-pg@5.16.1_pg@8.12.0",
      "npm:pg@^8.11.3": "npm:pg@8.12.0",
      "npm:zod-validation-error@3.3.0": "npm:zod-validation-error@3.3.0_zod@3.23.8",
      "npm:zod@3.23.8": "npm:zod@3.23.8"
    },
    "npm": {
      "@prisma/adapter-pg@5.16.1_pg@8.12.0": {
        "integrity": "sha512-QokxNP58fzepQ8pVIrrQzv+uxxIxNr5Fj3SHXFPVg7/DcowdHNHB9ZeJ+BGAKxlkt6qySddRnK68cAyKUIY/mQ==",
        "dependencies": {
          "@prisma/driver-adapter-utils": "@prisma/driver-adapter-utils@5.16.1",
          "pg": "pg@8.12.0",
          "postgres-array": "postgres-array@3.0.2"
        }
      },
      "@prisma/debug@5.16.1": {
        "integrity": "sha512-JsNgZAg6BD9RInLSrg7ZYzo11N7cVvYArq3fHGSD89HSgtN0VDdjV6bib7YddbcO6snzjchTiLfjeTqBjtArVQ==",
        "dependencies": {}
      },
      "@prisma/driver-adapter-utils@5.16.1": {
        "integrity": "sha512-QGnxw6FMts2/YSeZY3+A/kxyGQV2Be8oLLLrczdy8uM0oc2RREHUtpD14MyOOIaCytnJK7kwCbORcBhgk41+tQ==",
        "dependencies": {
          "@prisma/debug": "@prisma/debug@5.16.1"
        }
      },
      "pg-cloudflare@1.1.1": {
        "integrity": "sha512-xWPagP/4B6BgFO+EKz3JONXv3YDgvkbVrGw2mTo3D6tVDQRh1e7cqVGvyR3BE+eQgAvx1XhW/iEASj4/jCWl3Q==",
        "dependencies": {}
      },
      "pg-connection-string@2.6.4": {
        "integrity": "sha512-v+Z7W/0EO707aNMaAEfiGnGL9sxxumwLl2fJvCQtMn9Fxsg+lPpPkdcyBSv/KFgpGdYkMfn+EI1Or2EHjpgLCA==",
        "dependencies": {}
      },
      "pg-int8@1.0.1": {
        "integrity": "sha512-WCtabS6t3c8SkpDBUlb1kjOs7l66xsGdKpIPZsg4wR+B3+u9UAum2odSsF9tnvxg80h4ZxLWMy4pRjOsFIqQpw==",
        "dependencies": {}
      },
      "pg-pool@3.6.2_pg@8.12.0": {
        "integrity": "sha512-Htjbg8BlwXqSBQ9V8Vjtc+vzf/6fVUuak/3/XXKA9oxZprwW3IMDQTGHP+KDmVL7rtd+R1QjbnCFPuTHm3G4hg==",
        "dependencies": {
          "pg": "pg@8.12.0"
        }
      },
      "pg-protocol@1.6.1": {
        "integrity": "sha512-jPIlvgoD63hrEuihvIg+tJhoGjUsLPn6poJY9N5CnlPd91c2T18T/9zBtLxZSb1EhYxBRoZJtzScCaWlYLtktg==",
        "dependencies": {}
      },
      "pg-types@2.2.0": {
        "integrity": "sha512-qTAAlrEsl8s4OiEQY69wDvcMIdQN6wdz5ojQiOy6YRMuynxenON0O5oCpJI6lshc6scgAY8qvJ2On/p+CXY0GA==",
        "dependencies": {
          "pg-int8": "pg-int8@1.0.1",
          "postgres-array": "postgres-array@2.0.0",
          "postgres-bytea": "postgres-bytea@1.0.0",
          "postgres-date": "postgres-date@1.0.7",
          "postgres-interval": "postgres-interval@1.2.0"
        }
      },
      "pg@8.12.0": {
        "integrity": "sha512-A+LHUSnwnxrnL/tZ+OLfqR1SxLN3c/pgDztZ47Rpbsd4jUytsTtwQo/TLPRzPJMp/1pbhYVhH9cuSZLAajNfjQ==",
        "dependencies": {
          "pg-cloudflare": "pg-cloudflare@1.1.1",
          "pg-connection-string": "pg-connection-string@2.6.4",
          "pg-pool": "pg-pool@3.6.2_pg@8.12.0",
          "pg-protocol": "pg-protocol@1.6.1",
          "pg-types": "pg-types@2.2.0",
          "pgpass": "pgpass@1.0.5"
        }
      },
      "pgpass@1.0.5": {
        "integrity": "sha512-FdW9r/jQZhSeohs1Z3sI1yxFQNFvMcnmfuj4WBMUTxOrAyLMaTcE1aAMBiTlbMNaXvBCQuVi0R7hd8udDSP7ug==",
        "dependencies": {
          "split2": "split2@4.2.0"
        }
      },
      "postgres-array@2.0.0": {
        "integrity": "sha512-VpZrUqU5A69eQyW2c5CA1jtLecCsN2U/bD6VilrFDWq5+5UIEVO7nazS3TEcHf1zuPYO/sqGvUvW62g86RXZuA==",
        "dependencies": {}
      },
      "postgres-array@3.0.2": {
        "integrity": "sha512-6faShkdFugNQCLwucjPcY5ARoW1SlbnrZjmGl0IrrqewpvxvhSLHimCVzqeuULCbG0fQv7Dtk1yDbG3xv7Veog==",
        "dependencies": {}
      },
      "postgres-bytea@1.0.0": {
        "integrity": "sha512-xy3pmLuQqRBZBXDULy7KbaitYqLcmxigw14Q5sj8QBVLqEwXfeybIKVWiqAXTlcvdvb0+xkOtDbfQMOf4lST1w==",
        "dependencies": {}
      },
      "postgres-date@1.0.7": {
        "integrity": "sha512-suDmjLVQg78nMK2UZ454hAG+OAW+HQPZ6n++TNDUX+L0+uUlLywnoxJKDou51Zm+zTCjrCl0Nq6J9C5hP9vK/Q==",
        "dependencies": {}
      },
      "postgres-interval@1.2.0": {
        "integrity": "sha512-9ZhXKM/rw350N1ovuWHbGxnGh/SNJ4cnxHiM0rxE4VN41wsg8P8zWn9hv/buK00RP4WvlOyr/RBDiptyxVbkZQ==",
        "dependencies": {
          "xtend": "xtend@4.0.2"
        }
      },
      "split2@4.2.0": {
        "integrity": "sha512-UcjcJOWknrNkF6PLX83qcHM6KHgVKNkV62Y8a5uYDVv9ydGQVwAHMKqHdJje1VTWpljG0WYpCDhrCdAOYH4TWg==",
        "dependencies": {}
      },
      "xtend@4.0.2": {
        "integrity": "sha512-LKYU1iAXJXUgAXn9URjiu+MWhyUXHsvfp7mcuYm9dSUKK0/CjtrUwFAxD82/mCWbtLsGjFIad0wIsod4zrTAEQ==",
        "dependencies": {}
      },
      "zod-validation-error@3.3.0_zod@3.23.8": {
        "integrity": "sha512-Syib9oumw1NTqEv4LT0e6U83Td9aVRk9iTXPUQr1otyV1PuXQKOvOwhMNqZIq5hluzHP2pMgnOmHEo7kPdI2mw==",
        "dependencies": {
          "zod": "zod@3.23.8"
        }
      },
      "zod@3.23.8": {
        "integrity": "sha512-XBx9AXhXktjUqnepgTiE5flcKIYWi/rme0Eaj+5Y0lftuGBq+jyRu/md4WnuxqgP1ubdpNCsYEYPxrzVHD8d6g==",
        "dependencies": {}
      }
    }
  },
  "redirects": {
    "https://esm.sh/@aws-sdk/client-s3@^3.592.0": "https://esm.sh/@aws-sdk/client-s3@3.592.0",
    "https://esm.sh/@aws-sdk/s3-request-presigner@^3.592.0": "https://esm.sh/@aws-sdk/s3-request-presigner@3.592.0"
  },
  "remote": {
    "https://esm.sh/@aws-sdk/client-s3@3.592.0": "6410aa6af828586a1fea0ad023479483b5844a15054bd62a77f8c1e1f467e54a",
    "https://esm.sh/@aws-sdk/s3-request-presigner@3.592.0": "41615b3a8cdd935bae991dbff554dd0f8765cf591fef33072a5338e6a7576814",
    "https://esm.sh/v135/@aws-crypto/crc32@3.0.0/denonext/crc32.mjs": "f9a98501e686244b2f327c7791df0f1f7830b8769dd2815b9de7e2aaca1f657f",
    "https://esm.sh/v135/@aws-crypto/crc32c@3.0.0/denonext/crc32c.mjs": "5acc8d5648bf7266477caacf836109147e2815cb13ba198270b783e77380cd19",
    "https://esm.sh/v135/@aws-crypto/ie11-detection@3.0.0/denonext/ie11-detection.mjs": "ae42f42b38941df739396432e9da809820c13a9f780bccb635326324bf51464e",
    "https://esm.sh/v135/@aws-crypto/sha1-browser@3.0.0/denonext/sha1-browser.mjs": "43955bdd3f58d652c7c2adb381cd4cb846bab85b6937643f7d609bbea69e1c45",
    "https://esm.sh/v135/@aws-crypto/sha256-browser@3.0.0/denonext/sha256-browser.mjs": "51fdfd6c58198e383a0581d659585f74855d20cbbef738e1cf9e98107d68a595",
    "https://esm.sh/v135/@aws-crypto/sha256-js@3.0.0/denonext/sha256-js.mjs": "219bd945829420cf17c499fec637e6e3aa058c567877d8946b7e144eb3c0789f",
    "https://esm.sh/v135/@aws-crypto/supports-web-crypto@3.0.0/denonext/supports-web-crypto.mjs": "ad038b921693e2961c79ad704940f31965cbcd1a985717da97875ec2fc5fabe3",
    "https://esm.sh/v135/@aws-crypto/util@3.0.0/denonext/util.mjs": "0fbd60f4487011dd33dad62793bfa4617f07791d54e0a21e3ac7f9ceb99af7db",
    "https://esm.sh/v135/@aws-sdk/client-s3@3.592.0/denonext/client-s3.mjs": "c3119115f1ef81a8421dae0709b34caa05ca440d53115d63897c624560a62fa0",
    "https://esm.sh/v135/@aws-sdk/core@3.592.0/denonext/client.js": "f42f609255d95e489b042732d05429ad8395687c09fd2468074d703c646ef98c",
    "https://esm.sh/v135/@aws-sdk/core@3.592.0/denonext/core.mjs": "ec83f9b606a4296b133afe72a06582ed83f2cf87f9394282429ed647a1fc17e1",
    "https://esm.sh/v135/@aws-sdk/core@3.592.0/denonext/httpAuthSchemes.js": "045dd3cbafa9eec442fab98768b7ecc4cb945758c5899632ba50ee6c898d2823",
    "https://esm.sh/v135/@aws-sdk/core@3.592.0/denonext/protocols.js": "797cda086c518b4f2d26b4e4b1bcfb02ce9927daf7e0f3161bb7854d0ea85b82",
    "https://esm.sh/v135/@aws-sdk/middleware-expect-continue@3.577.0/denonext/middleware-expect-continue.mjs": "739b3e66661789760444e2dca83e6ef0662fffa005cbbe74f2e57f73a12405a3",
    "https://esm.sh/v135/@aws-sdk/middleware-flexible-checksums@3.587.0/denonext/middleware-flexible-checksums.mjs": "77172bdbc7f4fcf8f5c6ffbc98e1f234e19a47241fcb3cf24ad929ab05caff3e",
    "https://esm.sh/v135/@aws-sdk/middleware-host-header@3.577.0/denonext/middleware-host-header.mjs": "5f94dd2219c16e33e34f5364f5e38bdcf18212f03850e89d6f146b2af5895e56",
    "https://esm.sh/v135/@aws-sdk/middleware-location-constraint@3.577.0/denonext/middleware-location-constraint.mjs": "c58d665287449ccff02a1899967fb79092ce9c55c01ca0147d94a006f1c5bcbb",
    "https://esm.sh/v135/@aws-sdk/middleware-logger@3.577.0/denonext/middleware-logger.mjs": "970c0db148514a5c5248fd508a74ff9c194c4f8f1e5381e04df5d35c14a4f419",
    "https://esm.sh/v135/@aws-sdk/middleware-recursion-detection@3.577.0/denonext/middleware-recursion-detection.mjs": "d732f8ab11ecf3652738f52454e10ca70a09ea1000947e283ae540387ccf19b2",
    "https://esm.sh/v135/@aws-sdk/middleware-sdk-s3@3.587.0/denonext/middleware-sdk-s3.mjs": "bf3fd7a03012323e250710b352888238726f8cd61516a0f8fa53de43d0d61c52",
    "https://esm.sh/v135/@aws-sdk/middleware-signing@3.587.0/denonext/middleware-signing.mjs": "7a0e1951c633a473cde14c5507318f5517641b30fa45a027513c3d44438e1257",
    "https://esm.sh/v135/@aws-sdk/middleware-ssec@3.577.0/denonext/middleware-ssec.mjs": "1358d92c65585df3c042213c9a1e6fbf1bebfe4c2b215759dcd3c413a032b66a",
    "https://esm.sh/v135/@aws-sdk/middleware-user-agent@3.587.0/denonext/middleware-user-agent.mjs": "656f101930640c87ccf38fbdcd1c3a85db7eeaab3160ab98174ea1fc8f823b3a",
    "https://esm.sh/v135/@aws-sdk/region-config-resolver@3.587.0/denonext/region-config-resolver.mjs": "5d7e4eea57e2629eb30c7822f3dcfaff63fec155595301141cf4f27620bc5355",
    "https://esm.sh/v135/@aws-sdk/s3-request-presigner@3.592.0/denonext/s3-request-presigner.mjs": "9711037af8dde7121d66a607c287ac08c18f4f9d7fe6e98af95b748bf7b32b15",
    "https://esm.sh/v135/@aws-sdk/signature-v4-multi-region@3.587.0/denonext/signature-v4-multi-region.mjs": "97f7166508a9d41ae660774c6224dd0a96405313cbaab6945427f69e632e7061",
    "https://esm.sh/v135/@aws-sdk/util-arn-parser@3.568.0/denonext/util-arn-parser.mjs": "e80995eaf790640e591f09d89d9099b022efa6d7954d6e23a1a7f5691b9b5110",
    "https://esm.sh/v135/@aws-sdk/util-endpoints@3.587.0/denonext/util-endpoints.mjs": "6f6fe7b8cc359989529f23a3d284a8632bd1f01d475abaec2b3c24ddaa9284d0",
    "https://esm.sh/v135/@aws-sdk/util-format-url@3.577.0/denonext/util-format-url.mjs": "dc97c48b31bb953af37a9b55a28f36af141397176af4160dd7caa865c1445efe",
    "https://esm.sh/v135/@aws-sdk/util-locate-window@3.310.0/denonext/util-locate-window.mjs": "894879f284b5a41fc830b8fe40e2a7038b124d5f5b7a3fde841c3314366c56c5",
    "https://esm.sh/v135/@aws-sdk/util-user-agent-browser@3.577.0/denonext/util-user-agent-browser.mjs": "d6cea3d3cc34e779a455d42fff12a68dc81f08fd0d2a8d4a7aac895785445ce0",
    "https://esm.sh/v135/@aws-sdk/util-utf8-browser@3.259.0/denonext/util-utf8-browser.mjs": "79fc8ce5cd61204fe274363d637902a5d49ea40688e8d40cbd5b6ecf56f782b7",
    "https://esm.sh/v135/@aws-sdk/xml-builder@3.575.0/denonext/xml-builder.mjs": "161f75c0f85617e6739362ffa17eefc8a02d68e310a0f4fe0e545d28dc880db8",
    "https://esm.sh/v135/@smithy/chunked-blob-reader@3.0.0/denonext/chunked-blob-reader.mjs": "bfd33430ff0d1b7c3dc6e42401a2adfcdeaf2dbb9ac56ca6578782c99e2cb359",
    "https://esm.sh/v135/@smithy/config-resolver@3.0.1/denonext/config-resolver.mjs": "40cbc0d1a37f1833d5c5a08706470df01c559b6426b3961863cd67ea69eb768d",
    "https://esm.sh/v135/@smithy/core@2.2.0/denonext/core.mjs": "9d4f338ee9ac0575eab16dc95372a8fcb969b826affe9cecbd48c2db1127b8ca",
    "https://esm.sh/v135/@smithy/eventstream-codec@3.0.0/denonext/eventstream-codec.mjs": "c190427a13a42185259c24c47d80b44c69041b4599107f3d4663cd4077c07cd9",
    "https://esm.sh/v135/@smithy/eventstream-serde-browser@3.0.0/denonext/eventstream-serde-browser.mjs": "66549a531d3a353b49b3e67d788450e5555666bd09b81e02a219ea8432545cfd",
    "https://esm.sh/v135/@smithy/eventstream-serde-config-resolver@3.0.0/denonext/eventstream-serde-config-resolver.mjs": "6f3de94d34c2253cab99484bb2cb45f7530207667a03c0468bbb10a89e984afb",
    "https://esm.sh/v135/@smithy/eventstream-serde-universal@3.0.0/denonext/eventstream-serde-universal.mjs": "7dcab4cc065182e9059495b7523763cf28ceed4a638797e1cd3868c048543079",
    "https://esm.sh/v135/@smithy/fetch-http-handler@3.0.1/denonext/fetch-http-handler.mjs": "d45f4739d78d06e5dc37271dcd859f9a67208dc6b008340dc2f9a70ad13db898",
    "https://esm.sh/v135/@smithy/hash-blob-browser@3.0.0/denonext/hash-blob-browser.mjs": "49ab0fc6686ce3cb5a7b3a4a608cc2b2a1ac0243fad829d27154da3dd92d8a22",
    "https://esm.sh/v135/@smithy/invalid-dependency@3.0.0/denonext/invalid-dependency.mjs": "ee4b310aaaf505741a23af8cf025792b34bee8d72042d6d4d166ab2caedd2999",
    "https://esm.sh/v135/@smithy/is-array-buffer@3.0.0/denonext/is-array-buffer.mjs": "f8bb7f850b646a10880d4e52c60151913b7d81911b2b1cd1355c9adef56ab3e2",
    "https://esm.sh/v135/@smithy/md5-js@3.0.0/denonext/md5-js.mjs": "737d30f6a285b1c0a06a5f95dbd8da140f81f7f12d12796144149a96e5f2a0a0",
    "https://esm.sh/v135/@smithy/middleware-content-length@3.0.0/denonext/middleware-content-length.mjs": "fe7e78041a745957818bdfb56d3f0c28c3ef0628447bb5fced13887d17274f84",
    "https://esm.sh/v135/@smithy/middleware-endpoint@3.0.1/denonext/middleware-endpoint.mjs": "bf9be6bcc613941c0a1350b67c4e33862f43c0ea610e38559abccdf37fb78342",
    "https://esm.sh/v135/@smithy/middleware-retry@3.0.3/denonext/middleware-retry.mjs": "83a20b0ab6e92e94ef23402f99b830645e06d860e1f619d880f7cce1596a4f97",
    "https://esm.sh/v135/@smithy/middleware-serde@3.0.0/denonext/middleware-serde.mjs": "7681ebe6e31f3974a04ea7515521c6b1b68aadd26367e105045a1a8e47219890",
    "https://esm.sh/v135/@smithy/middleware-stack@3.0.0/denonext/middleware-stack.mjs": "9e954876cda37bc3bdd7cef702a0f2cad07e0a01fbf3f621ff3ad699176960dc",
    "https://esm.sh/v135/@smithy/property-provider@3.1.0/denonext/property-provider.mjs": "b25b43f3a30179a6f23d8a50a21fbfcc57a6f27faacf16c9a5acd87e07439eba",
    "https://esm.sh/v135/@smithy/protocol-http@4.0.0/denonext/protocol-http.mjs": "70c3ac96dde34152ba20e35c4aa8f1237624156a63565fc1278d669bc1aa4ced",
    "https://esm.sh/v135/@smithy/querystring-builder@3.0.0/denonext/querystring-builder.mjs": "d7abeb886cd8805936ee2cef154c13a2116c7934c713b247783d26f9bdd5f526",
    "https://esm.sh/v135/@smithy/querystring-parser@3.0.0/denonext/querystring-parser.mjs": "c4ecaaecb22801e82f0fc9bd0f01a3279fead61ee278334c2edbe008adb770fb",
    "https://esm.sh/v135/@smithy/service-error-classification@3.0.0/denonext/service-error-classification.mjs": "4bbfa5fd2bac959692c578082c5ecf2f116e1dae821b6b9ac3888767397eb2d4",
    "https://esm.sh/v135/@smithy/signature-v4@3.0.0/denonext/signature-v4.mjs": "c3013b99f3b7741a4787a38b5e8553befcd27fd3397567da3fb10a9fe24f530a",
    "https://esm.sh/v135/@smithy/smithy-client@3.1.1/denonext/smithy-client.mjs": "b2e61a9deb80ce5074de3286bfe3142a282a286b2fb561ff0fc37ddbb5ba1c20",
    "https://esm.sh/v135/@smithy/types@3.0.0/denonext/types.mjs": "25efdf4ec5b964611ca47bb80a2b2d849d393367df433c5bb23096d741f85f59",
    "https://esm.sh/v135/@smithy/url-parser@3.0.0/denonext/url-parser.mjs": "15cce7f94afb9e392977b9b565386ea3c64cbf34df41b9f9138f77f56945424c",
    "https://esm.sh/v135/@smithy/util-base64@3.0.0/denonext/util-base64.mjs": "d6a01faaa94fdbeb4b92b02e91801dfbe241439e37a0edf7d817c59daf66c0e3",
    "https://esm.sh/v135/@smithy/util-body-length-browser@3.0.0/denonext/util-body-length-browser.mjs": "d67382004d61919b97a756a454f9b312cfb0011a9727d3d1ca69ebddf1c7843a",
    "https://esm.sh/v135/@smithy/util-config-provider@3.0.0/denonext/util-config-provider.mjs": "832c0ab1d3b06a51351ea23b33628bd36a37ef570e02e469f6ab39f71d88d7b1",
    "https://esm.sh/v135/@smithy/util-defaults-mode-browser@3.0.3/denonext/util-defaults-mode-browser.mjs": "f3c35b293e8819ef45d70b523e3b3d71bdfa13d1f59926381e0c7cabd791d6d9",
    "https://esm.sh/v135/@smithy/util-endpoints@2.0.1/denonext/util-endpoints.mjs": "4db905d919da27dc7c71ed20addebc8729b2200b410e0657e6d74d3d11ecc6b1",
    "https://esm.sh/v135/@smithy/util-hex-encoding@3.0.0/denonext/util-hex-encoding.mjs": "cbdd7aabeb3903596980e2903efec3e5501f7e1259fb7b97e327a3b4e635f23c",
    "https://esm.sh/v135/@smithy/util-middleware@3.0.0/denonext/util-middleware.mjs": "6b85625cb9b9492f81270c274bb5ea491e903e619f89de0d1f5fbba49b418ca4",
    "https://esm.sh/v135/@smithy/util-retry@3.0.0/denonext/util-retry.mjs": "cd770e5416f69c0a186e602dfc7f2aee4d0855310d7e1b6d556d812cacd1514a",
    "https://esm.sh/v135/@smithy/util-stream@3.0.1/denonext/util-stream.mjs": "adc467f8edf75be350d4566ceb13377423b5bb9c152d0438296ed171b9a9e475",
    "https://esm.sh/v135/@smithy/util-uri-escape@3.0.0/denonext/util-uri-escape.mjs": "df2c80781ede692323dee6e2da3711e7ccc4f7a1cee949b09aba8d1ce15bbe03",
    "https://esm.sh/v135/@smithy/util-utf8@3.0.0/denonext/util-utf8.mjs": "abe704ed8c4266b29906116ef723b98e8729078537b252c9a213ad373559488a",
    "https://esm.sh/v135/@smithy/util-waiter@3.0.0/denonext/util-waiter.mjs": "3f6ef1fd887ee17285898099e86083317573c81f93ca7821c62397374e224f16",
    "https://esm.sh/v135/bowser@2.11.0/denonext/bowser.mjs": "3fd0c5d68c4bb8b3243c1b0ac76442fa90f5e20ee12773ce2b2f476c2e7a3615",
    "https://esm.sh/v135/fast-xml-parser@4.2.5/denonext/fast-xml-parser.mjs": "c4512cbbb8ec8d60dedc374323e591d5bc4ae02e4da8c4092ff94602d19c9d62",
    "https://esm.sh/v135/strnum@1.0.5/denonext/strnum.mjs": "1ffef4adec2f74139e36a2bfed8381880541396fe1c315779fb22e081b17468b",
    "https://esm.sh/v135/tslib@1.14.1/denonext/tslib.mjs": "5e49e8960f064d11fb709e3338f5437e2ede57e7df873a09d7834c2a0bf533f7",
    "https://esm.sh/v135/uuid@9.0.1/denonext/uuid.mjs": "7d7d3aa57fa136e2540886654c416d9da10d8cfebe408bae47fd47070f0bfb2a"
  }
}
